# THIS IS AN AUTOGENERATED FILE. DO NOT EDIT THIS FILE DIRECTLY.
# yarn lockfile v1


commander@^2.15.1:
  version "2.15.1"
  resolved "https://registry.yarnpkg.com/commander/-/commander-2.15.1.tgz#df46e867d0fc2aec66a34662b406a9ccafff5b0f"

make-promises-safe@^1.1.0:
  version "1.1.0"
  resolved "https://registry.yarnpkg.com/make-promises-safe/-/make-promises-safe-1.1.0.tgz#b4d28c61ef8ad5502f38dbb3a0ee89627f76ad61"
